
Microsoft Visual Studio Solution File, Format Version 12.00
# Visual Studio Version 17
VisualStudioVersion = 17.4.33213.308
MinimumVisualStudioVersion = 10.0.40219.1
Project("{9A19103F-16F7-4668-BE54-9A1E7A4F7556}") = "deskManagerApi", "deskManagerApi.csproj", "{6FC581F9-37E8-43A9-B98B-C7FBF6925A5B}"
EndProject
Project("{9A19103F-16F7-4668-BE54-9A1E7A4F7556}") = "deskManagerApi.Contracts", "..\deskManagerApi.Contracts\deskManagerApi.Contracts.csproj", "{9627A2FD-610E-4560-BC64-8E04753E97ED}"
EndProject
Project("{9A19103F-16F7-4668-BE54-9A1E7A4F7556}") = "deskManagerApi.Repository", "..\deskManagerApi.Repository\deskManagerApi.Repository.csproj", "{6CB876EB-9D0C-4CF0-BFAB-C0547F3C89F0}"
EndProject
Project("{FAE04EC0-301F-11D3-BF4B-00C04F79EFBC}") = "deskManagerApi.Entities", "..\deskManagerApi.Entities\deskManagerApi.Entities.csproj", "{74E1D143-5E57-46E4-B3E7-DB0882C82C4B}"
EndProject
Global
	GlobalSection(SolutionConfigurationPlatforms) = preSolution
		Debug|Any CPU = Debug|Any CPU
		Release|Any CPU = Release|Any CPU
	EndGlobalSection
	GlobalSection(ProjectConfigurationPlatforms) = postSolution
		{6FC581F9-37E8-43A9-B98B-C7FBF6925A5B}.Debug|Any CPU.ActiveCfg = Debug|Any CPU
		{6FC581F9-37E8-43A9-B98B-C7FBF6925A5B}.Debug|Any CPU.Build.0 = Debug|Any CPU
		{6FC581F9-37E8-43A9-B98B-C7FBF6925A5B}.Release|Any CPU.ActiveCfg = Release|Any CPU
		{6FC581F9-37E8-43A9-B98B-C7FBF6925A5B}.Release|Any CPU.Build.0 = Release|Any CPU
		{9627A2FD-610E-4560-BC64-8E04753E97ED}.Debug|Any CPU.ActiveCfg = Debug|Any CPU
		{9627A2FD-610E-4560-BC64-8E04753E97ED}.Debug|Any CPU.Build.0 = Debug|Any CPU
		{9627A2FD-610E-4560-BC64-8E04753E97ED}.Release|Any CPU.ActiveCfg = Release|Any CPU
		{9627A2FD-610E-4560-BC64-8E04753E97ED}.Release|Any CPU.Build.0 = Release|Any CPU
		{6CB876EB-9D0C-4CF0-BFAB-C0547F3C89F0}.Debug|Any CPU.ActiveCfg = Debug|Any CPU
		{6CB876EB-9D0C-4CF0-BFAB-C0547F3C89F0}.Debug|Any CPU.Build.0 = Debug|Any CPU
		{6CB876EB-9D0C-4CF0-BFAB-C0547F3C89F0}.Release|Any CPU.ActiveCfg = Release|Any CPU
		{6CB876EB-9D0C-4CF0-BFAB-C0547F3C89F0}.Release|Any CPU.Build.0 = Release|Any CPU
		{74E1D143-5E57-46E4-B3E7-DB0882C82C4B}.Debug|Any CPU.ActiveCfg = Debug|Any CPU
		{74E1D143-5E57-46E4-B3E7-DB0882C82C4B}.Debug|Any CPU.Build.0 = Debug|Any CPU
		{74E1D143-5E57-46E4-B3E7-DB0882C82C4B}.Release|Any CPU.ActiveCfg = Release|Any CPU
		{74E1D143-5E57-46E4-B3E7-DB0882C82C4B}.Release|Any CPU.Build.0 = Release|Any CPU
	EndGlobalSection
	GlobalSection(SolutionProperties) = preSolution
		HideSolutionNode = FALSE
	EndGlobalSection
	GlobalSection(ExtensibilityGlobals) = postSolution
		SolutionGuid = {F14A4DBF-6BF4-4A03-8409-5B64F093AB70}
	EndGlobalSection
EndGlobal
